
Microsoft Visual Studio Solution File, Format Version 12.00
# Visual Studio 14
VisualStudioVersion = 14.0.25420.1
MinimumVisualStudioVersion = 10.0.40219.1
Project("{FAE04EC0-301F-11D3-BF4B-00C04F79EFBC}") = "BinaryStream", "BinaryStream\BinaryStream.csproj", "{DAAD79DC-30A3-4A9A-99F8-3AC4AE6D201F}"
EndProject
Global
	GlobalSection(SolutionConfigurationPlatforms) = preSolution
		Debug|Any CPU = Debug|Any CPU
		Release|Any CPU = Release|Any CPU
	EndGlobalSection
	GlobalSection(ProjectConfigurationPlatforms) = postSolution
		{DAAD79DC-30A3-4A9A-99F8-3AC4AE6D201F}.Debug|Any CPU.ActiveCfg = Debug|Any CPU
		{DAAD79DC-30A3-4A9A-99F8-3AC4AE6D201F}.Debug|Any CPU.Build.0 = Debug|Any CPU
		{DAAD79DC-30A3-4A9A-99F8-3AC4AE6D201F}.Release|Any CPU.ActiveCfg = Release|Any CPU
		{DAAD79DC-30A3-4A9A-99F8-3AC4AE6D201F}.Release|Any CPU.Build.0 = Release|Any CPU
	EndGlobalSection
	GlobalSection(SolutionProperties) = preSolution
		HideSolutionNode = FALSE
	EndGlobalSection
EndGlobal
